
Microsoft Visual Studio Solution File, Format Version 12.00
# Visual Studio Version 16
VisualStudioVersion = 16.0.34407.143
MinimumVisualStudioVersion = 10.0.40219.1
Project("{FAE04EC0-301F-11D3-BF4B-00C04F79EFBC}") = "Mincord", "Mincord\Mincord.csproj", "{8527033D-9FC4-498B-9911-C9F3DCA6E901}"
EndProject
Global
	GlobalSection(SolutionConfigurationPlatforms) = preSolution
		Debug|Any CPU = Debug|Any CPU
		Release|Any CPU = Release|Any CPU
	EndGlobalSection
	GlobalSection(ProjectConfigurationPlatforms) = postSolution
		{8527033D-9FC4-498B-9911-C9F3DCA6E901}.Debug|Any CPU.ActiveCfg = Debug|Any CPU
		{8527033D-9FC4-498B-9911-C9F3DCA6E901}.Debug|Any CPU.Build.0 = Debug|Any CPU
		{8527033D-9FC4-498B-9911-C9F3DCA6E901}.Release|Any CPU.ActiveCfg = Release|Any CPU
		{8527033D-9FC4-498B-9911-C9F3DCA6E901}.Release|Any CPU.Build.0 = Release|Any CPU
	EndGlobalSection
	GlobalSection(SolutionProperties) = preSolution
		HideSolutionNode = FALSE
	EndGlobalSection
	GlobalSection(ExtensibilityGlobals) = postSolution
		SolutionGuid = {783CDDC1-4B20-458D-B60C-52B0B693BD43}
	EndGlobalSection
EndGlobal
